
Microsoft Visual Studio Solution File, Format Version 12.00
# Visual Studio Version 16
VisualStudioVersion = 16.0.31005.135
MinimumVisualStudioVersion = 10.0.40219.1
Project("{FAE04EC0-301F-11D3-BF4B-00C04F79EFBC}") = "CustomerApi", "CustomerApi.csproj", "{CF470840-14C8-414C-8DF0-D282DE232099}"
EndProject
Global
	GlobalSection(SolutionConfigurationPlatforms) = preSolution
		Debug|Any CPU = Debug|Any CPU
		Release|Any CPU = Release|Any CPU
	EndGlobalSection
	GlobalSection(ProjectConfigurationPlatforms) = postSolution
		{CF470840-14C8-414C-8DF0-D282DE232099}.Debug|Any CPU.ActiveCfg = Debug|Any CPU
		{CF470840-14C8-414C-8DF0-D282DE232099}.Debug|Any CPU.Build.0 = Debug|Any CPU
		{CF470840-14C8-414C-8DF0-D282DE232099}.Release|Any CPU.ActiveCfg = Release|Any CPU
		{CF470840-14C8-414C-8DF0-D282DE232099}.Release|Any CPU.Build.0 = Release|Any CPU
	EndGlobalSection
	GlobalSection(SolutionProperties) = preSolution
		HideSolutionNode = FALSE
	EndGlobalSection
	GlobalSection(ExtensibilityGlobals) = postSolution
		SolutionGuid = {CBE2B5FC-69DD-4163-9CEC-BDF5B4F29550}
	EndGlobalSection
EndGlobal
